
Microsoft Visual Studio Solution File, Format Version 12.00
# Visual Studio Version 16
VisualStudioVersion = 16.0.30114.105
MinimumVisualStudioVersion = 10.0.40219.1
Project("{2150E333-8FDC-42A3-9474-1A3956D46DE8}") = "src", "src", "{C13F2FD6-0C59-4125-A84A-8D8A1CF36A4E}"
EndProject
Project("{FAE04EC0-301F-11D3-BF4B-00C04F79EFBC}") = "Sample.Api", "src\Sample.Api\Sample.Api.csproj", "{1FD972CF-A966-4076-B546-45B2E3D48FE4}"
EndProject
Project("{2150E333-8FDC-42A3-9474-1A3956D46DE8}") = "tests", "tests", "{0D17DDB8-4E2D-44A2-8291-6F0A85243B4B}"
EndProject
Project("{FAE04EC0-301F-11D3-BF4B-00C04F79EFBC}") = "Sample.Tests", "tests\Sample.Tests\Sample.Tests.csproj", "{2FD6E66B-1836-4BEF-A2E9-EC1AB0060B9B}"
EndProject
Project("{FAE04EC0-301F-11D3-BF4B-00C04F79EFBC}") = "Sample.Worker", "src\Sample.Worker\Sample.Worker.csproj", "{32939793-0B08-474C-BADD-5CAD366D78F9}"
EndProject
Project("{FAE04EC0-301F-11D3-BF4B-00C04F79EFBC}") = "Sample.Contracts", "src\Sample.Contracts\Sample.Contracts.csproj", "{BF88C1FC-A2A5-498E-A4AF-C56EBE09568B}"
EndProject
Project("{FAE04EC0-301F-11D3-BF4B-00C04F79EFBC}") = "Sample.XUnitTests", "tests\Sample.XUnitTests\Sample.XUnitTests.csproj", "{81A82B44-247C-4D81-A451-8F5263A19ADC}"
EndProject
Global
	GlobalSection(SolutionConfigurationPlatforms) = preSolution
		Debug|Any CPU = Debug|Any CPU
		Release|Any CPU = Release|Any CPU
	EndGlobalSection
	GlobalSection(SolutionProperties) = preSolution
		HideSolutionNode = FALSE
	EndGlobalSection
	GlobalSection(ProjectConfigurationPlatforms) = postSolution
		{1FD972CF-A966-4076-B546-45B2E3D48FE4}.Debug|Any CPU.ActiveCfg = Debug|Any CPU
		{1FD972CF-A966-4076-B546-45B2E3D48FE4}.Debug|Any CPU.Build.0 = Debug|Any CPU
		{1FD972CF-A966-4076-B546-45B2E3D48FE4}.Release|Any CPU.ActiveCfg = Release|Any CPU
		{1FD972CF-A966-4076-B546-45B2E3D48FE4}.Release|Any CPU.Build.0 = Release|Any CPU
		{2FD6E66B-1836-4BEF-A2E9-EC1AB0060B9B}.Debug|Any CPU.ActiveCfg = Debug|Any CPU
		{2FD6E66B-1836-4BEF-A2E9-EC1AB0060B9B}.Debug|Any CPU.Build.0 = Debug|Any CPU
		{2FD6E66B-1836-4BEF-A2E9-EC1AB0060B9B}.Release|Any CPU.ActiveCfg = Release|Any CPU
		{2FD6E66B-1836-4BEF-A2E9-EC1AB0060B9B}.Release|Any CPU.Build.0 = Release|Any CPU
		{32939793-0B08-474C-BADD-5CAD366D78F9}.Debug|Any CPU.ActiveCfg = Debug|Any CPU
		{32939793-0B08-474C-BADD-5CAD366D78F9}.Debug|Any CPU.Build.0 = Debug|Any CPU
		{32939793-0B08-474C-BADD-5CAD366D78F9}.Release|Any CPU.ActiveCfg = Release|Any CPU
		{32939793-0B08-474C-BADD-5CAD366D78F9}.Release|Any CPU.Build.0 = Release|Any CPU
		{BF88C1FC-A2A5-498E-A4AF-C56EBE09568B}.Debug|Any CPU.ActiveCfg = Debug|Any CPU
		{BF88C1FC-A2A5-498E-A4AF-C56EBE09568B}.Debug|Any CPU.Build.0 = Debug|Any CPU
		{BF88C1FC-A2A5-498E-A4AF-C56EBE09568B}.Release|Any CPU.ActiveCfg = Release|Any CPU
		{BF88C1FC-A2A5-498E-A4AF-C56EBE09568B}.Release|Any CPU.Build.0 = Release|Any CPU
		{81A82B44-247C-4D81-A451-8F5263A19ADC}.Debug|Any CPU.ActiveCfg = Debug|Any CPU
		{81A82B44-247C-4D81-A451-8F5263A19ADC}.Debug|Any CPU.Build.0 = Debug|Any CPU
		{81A82B44-247C-4D81-A451-8F5263A19ADC}.Release|Any CPU.ActiveCfg = Release|Any CPU
		{81A82B44-247C-4D81-A451-8F5263A19ADC}.Release|Any CPU.Build.0 = Release|Any CPU
	EndGlobalSection
	GlobalSection(NestedProjects) = preSolution
		{1FD972CF-A966-4076-B546-45B2E3D48FE4} = {C13F2FD6-0C59-4125-A84A-8D8A1CF36A4E}
		{2FD6E66B-1836-4BEF-A2E9-EC1AB0060B9B} = {0D17DDB8-4E2D-44A2-8291-6F0A85243B4B}
		{32939793-0B08-474C-BADD-5CAD366D78F9} = {C13F2FD6-0C59-4125-A84A-8D8A1CF36A4E}
		{BF88C1FC-A2A5-498E-A4AF-C56EBE09568B} = {C13F2FD6-0C59-4125-A84A-8D8A1CF36A4E}
		{81A82B44-247C-4D81-A451-8F5263A19ADC} = {0D17DDB8-4E2D-44A2-8291-6F0A85243B4B}
	EndGlobalSection
EndGlobal
